
Microsoft Visual Studio Solution File, Format Version 12.00
# Visual Studio Version 17
VisualStudioVersion = 17.5.33414.496
MinimumVisualStudioVersion = 10.0.40219.1
Project("{8BC9CEB8-8B4A-11D0-8D11-00A0C91BC942}") = "ReadPlayers", "ReadPlayers\ReadPlayers.vcxproj", "{EAA446ED-1564-4F41-9630-5F4E81B77244}"
EndProject
Project("{8BC9CEB8-8B4A-11D0-8D11-00A0C91BC942}") = "WriteDatas", "WriteDatas\WriteDatas.vcxproj", "{1B101955-8A30-49BB-89FB-43844190007D}"
EndProject
Global
	GlobalSection(SolutionConfigurationPlatforms) = preSolution
		Debug|x64 = Debug|x64
		Debug|x86 = Debug|x86
		Release|x64 = Release|x64
		Release|x86 = Release|x86
	EndGlobalSection
	GlobalSection(ProjectConfigurationPlatforms) = postSolution
		{EAA446ED-1564-4F41-9630-5F4E81B77244}.Debug|x64.ActiveCfg = Debug|x64
		{EAA446ED-1564-4F41-9630-5F4E81B77244}.Debug|x64.Build.0 = Debug|x64
		{EAA446ED-1564-4F41-9630-5F4E81B77244}.Debug|x86.ActiveCfg = Debug|Win32
		{EAA446ED-1564-4F41-9630-5F4E81B77244}.Debug|x86.Build.0 = Debug|Win32
		{EAA446ED-1564-4F41-9630-5F4E81B77244}.Release|x64.ActiveCfg = Release|x64
		{EAA446ED-1564-4F41-9630-5F4E81B77244}.Release|x64.Build.0 = Release|x64
		{EAA446ED-1564-4F41-9630-5F4E81B77244}.Release|x86.ActiveCfg = Release|Win32
		{EAA446ED-1564-4F41-9630-5F4E81B77244}.Release|x86.Build.0 = Release|Win32
		{1B101955-8A30-49BB-89FB-43844190007D}.Debug|x64.ActiveCfg = Debug|x64
		{1B101955-8A30-49BB-89FB-43844190007D}.Debug|x64.Build.0 = Debug|x64
		{1B101955-8A30-49BB-89FB-43844190007D}.Debug|x86.ActiveCfg = Debug|Win32
		{1B101955-8A30-49BB-89FB-43844190007D}.Debug|x86.Build.0 = Debug|Win32
		{1B101955-8A30-49BB-89FB-43844190007D}.Release|x64.ActiveCfg = Release|x64
		{1B101955-8A30-49BB-89FB-43844190007D}.Release|x64.Build.0 = Release|x64
		{1B101955-8A30-49BB-89FB-43844190007D}.Release|x86.ActiveCfg = Release|Win32
		{1B101955-8A30-49BB-89FB-43844190007D}.Release|x86.Build.0 = Release|Win32
	EndGlobalSection
	GlobalSection(SolutionProperties) = preSolution
		HideSolutionNode = FALSE
	EndGlobalSection
	GlobalSection(ExtensibilityGlobals) = postSolution
		SolutionGuid = {20A95CFD-4987-4F6A-90BC-82D9E7F7E409}
	EndGlobalSection
EndGlobal
